Microsoft Visual Studio Solution File, Format Version 12.00
# Visual Studio 14
VisualStudioVersion = 14.0.25420.1
MinimumVisualStudioVersion = 10.0.40219.1
Project("{8BC9CEB8-8B4A-11D0-8D11-00A0C91BC942}") = "TagLibHandler", "TagLibHandler.vcxproj", "{DE0C2C95-FBC4-469E-BDEB-7F2CC2B43D82}"
	ProjectSection(ProjectDependencies) = postProject
		{85B2642D-E3E4-3B5C-A80D-2FE6C2E2C854} = {85B2642D-E3E4-3B5C-A80D-2FE6C2E2C854}
		{39FC0674-33FB-38DD-8E1C-364E4943FAB1} = {39FC0674-33FB-38DD-8E1C-364E4943FAB1}
	EndProjectSection
EndProject
Project("{8BC9CEB8-8B4A-11D0-8D11-00A0C91BC942}") = "tlhsetup2", "setup\tlhsetup2.vcxproj", "{AD28C3EB-E7CE-45A9-A241-088D1D93164B}"
EndProject
Project("{8BC9CEB8-8B4A-11D0-8D11-00A0C91BC942}") = "propdump", "propdump\propdump.vcxproj", "{EC5DAAFF-7257-426D-8346-331DF97A8A15}"
	ProjectSection(ProjectDependencies) = postProject
		{85B2642D-E3E4-3B5C-A80D-2FE6C2E2C854} = {85B2642D-E3E4-3B5C-A80D-2FE6C2E2C854}
		{39FC0674-33FB-38DD-8E1C-364E4943FAB1} = {39FC0674-33FB-38DD-8E1C-364E4943FAB1}
	EndProjectSection
EndProject
Project("{8BC9CEB8-8B4A-11D0-8D11-00A0C91BC942}") = "exttagtest", "exttagtest\exttagtest.vcxproj", "{59364043-893F-4B54-9C34-0B9D35CD4A69}"
	ProjectSection(ProjectDependencies) = postProject
		{85B2642D-E3E4-3B5C-A80D-2FE6C2E2C854} = {85B2642D-E3E4-3B5C-A80D-2FE6C2E2C854}
		{39FC0674-33FB-38DD-8E1C-364E4943FAB1} = {39FC0674-33FB-38DD-8E1C-364E4943FAB1}
	EndProjectSection
EndProject
Project("{8BC9CEB8-8B4A-11D0-8D11-00A0C91BC942}") = "tag", "taglib_build_x64\taglib\tag.vcxproj", "{85B2642D-E3E4-3B5C-A80D-2FE6C2E2C854}"
EndProject
Project("{2150E333-8FDC-42A3-9474-1A3956D46DE8}") = "x86", "x86", "{32F7939D-4C51-4414-8216-CF02594A07FF}"
EndProject
Project("{8BC9CEB8-8B4A-11D0-8D11-00A0C91BC942}") = "tag", "taglib_build_x86\taglib\tag.vcxproj", "{39FC0674-33FB-38DD-8E1C-364E4943FAB1}"
EndProject
Global
	GlobalSection(SolutionConfigurationPlatforms) = preSolution
		Debug|Win32 = Debug|Win32
		Debug|x64 = Debug|x64
		MinSizeRel|Win32 = MinSizeRel|Win32
		MinSizeRel|x64 = MinSizeRel|x64
		Release|Win32 = Release|Win32
		Release|x64 = Release|x64
	EndGlobalSection
	GlobalSection(ProjectConfigurationPlatforms) = postSolution
		{DE0C2C95-FBC4-469E-BDEB-7F2CC2B43D82}.Debug|Win32.ActiveCfg = Debug|Win32
		{DE0C2C95-FBC4-469E-BDEB-7F2CC2B43D82}.Debug|Win32.Build.0 = Debug|Win32
		{DE0C2C95-FBC4-469E-BDEB-7F2CC2B43D82}.Debug|x64.ActiveCfg = Release|x64
		{DE0C2C95-FBC4-469E-BDEB-7F2CC2B43D82}.Debug|x64.Build.0 = Release|x64
		{DE0C2C95-FBC4-469E-BDEB-7F2CC2B43D82}.MinSizeRel|Win32.ActiveCfg = Release|Win32
		{DE0C2C95-FBC4-469E-BDEB-7F2CC2B43D82}.MinSizeRel|Win32.Build.0 = Release|Win32
		{DE0C2C95-FBC4-469E-BDEB-7F2CC2B43D82}.MinSizeRel|x64.ActiveCfg = Release|x64
		{DE0C2C95-FBC4-469E-BDEB-7F2CC2B43D82}.MinSizeRel|x64.Build.0 = Release|x64
		{DE0C2C95-FBC4-469E-BDEB-7F2CC2B43D82}.Release|Win32.ActiveCfg = Release|Win32
		{DE0C2C95-FBC4-469E-BDEB-7F2CC2B43D82}.Release|Win32.Build.0 = Release|Win32
		{DE0C2C95-FBC4-469E-BDEB-7F2CC2B43D82}.Release|x64.ActiveCfg = Release|x64
		{DE0C2C95-FBC4-469E-BDEB-7F2CC2B43D82}.Release|x64.Build.0 = Release|x64
		{AD28C3EB-E7CE-45A9-A241-088D1D93164B}.Debug|Win32.ActiveCfg = Debug|Win32
		{AD28C3EB-E7CE-45A9-A241-088D1D93164B}.Debug|Win32.Build.0 = Debug|Win32
		{AD28C3EB-E7CE-45A9-A241-088D1D93164B}.Debug|x64.ActiveCfg = Debug|Win32
		{AD28C3EB-E7CE-45A9-A241-088D1D93164B}.MinSizeRel|Win32.ActiveCfg = Release|Win32
		{AD28C3EB-E7CE-45A9-A241-088D1D93164B}.MinSizeRel|x64.ActiveCfg = Release|Win32
		{AD28C3EB-E7CE-45A9-A241-088D1D93164B}.Release|Win32.ActiveCfg = Release|Win32
		{AD28C3EB-E7CE-45A9-A241-088D1D93164B}.Release|Win32.Build.0 = Release|Win32
		{AD28C3EB-E7CE-45A9-A241-088D1D93164B}.Release|x64.ActiveCfg = Release|Win32
		{EC5DAAFF-7257-426D-8346-331DF97A8A15}.Debug|Win32.ActiveCfg = Debug|Win32
		{EC5DAAFF-7257-426D-8346-331DF97A8A15}.Debug|Win32.Build.0 = Debug|Win32
		{EC5DAAFF-7257-426D-8346-331DF97A8A15}.Debug|x64.ActiveCfg = Release|x64
		{EC5DAAFF-7257-426D-8346-331DF97A8A15}.Debug|x64.Build.0 = Release|x64
		{EC5DAAFF-7257-426D-8346-331DF97A8A15}.MinSizeRel|Win32.ActiveCfg = Release|Win32
		{EC5DAAFF-7257-426D-8346-331DF97A8A15}.MinSizeRel|Win32.Build.0 = Release|Win32
		{EC5DAAFF-7257-426D-8346-331DF97A8A15}.MinSizeRel|x64.ActiveCfg = Release|x64
		{EC5DAAFF-7257-426D-8346-331DF97A8A15}.MinSizeRel|x64.Build.0 = Release|x64
		{EC5DAAFF-7257-426D-8346-331DF97A8A15}.Release|Win32.ActiveCfg = Release|Win32
		{EC5DAAFF-7257-426D-8346-331DF97A8A15}.Release|Win32.Build.0 = Release|Win32
		{EC5DAAFF-7257-426D-8346-331DF97A8A15}.Release|x64.ActiveCfg = Release|x64
		{EC5DAAFF-7257-426D-8346-331DF97A8A15}.Release|x64.Build.0 = Release|x64
		{59364043-893F-4B54-9C34-0B9D35CD4A69}.Debug|Win32.ActiveCfg = Debug|Win32
		{59364043-893F-4B54-9C34-0B9D35CD4A69}.Debug|Win32.Build.0 = Debug|Win32
		{59364043-893F-4B54-9C34-0B9D35CD4A69}.Debug|x64.ActiveCfg = Release|x64
		{59364043-893F-4B54-9C34-0B9D35CD4A69}.Debug|x64.Build.0 = Release|x64
		{59364043-893F-4B54-9C34-0B9D35CD4A69}.MinSizeRel|Win32.ActiveCfg = Release|Win32
		{59364043-893F-4B54-9C34-0B9D35CD4A69}.MinSizeRel|Win32.Build.0 = Release|Win32
		{59364043-893F-4B54-9C34-0B9D35CD4A69}.MinSizeRel|x64.ActiveCfg = Release|x64
		{59364043-893F-4B54-9C34-0B9D35CD4A69}.MinSizeRel|x64.Build.0 = Release|x64
		{59364043-893F-4B54-9C34-0B9D35CD4A69}.Release|Win32.ActiveCfg = Release|Win32
		{59364043-893F-4B54-9C34-0B9D35CD4A69}.Release|Win32.Build.0 = Release|Win32
		{59364043-893F-4B54-9C34-0B9D35CD4A69}.Release|x64.ActiveCfg = Release|x64
		{59364043-893F-4B54-9C34-0B9D35CD4A69}.Release|x64.Build.0 = Release|x64
		{85B2642D-E3E4-3B5C-A80D-2FE6C2E2C854}.Debug|Win32.ActiveCfg = Debug|x64
		{85B2642D-E3E4-3B5C-A80D-2FE6C2E2C854}.Debug|x64.ActiveCfg = RelWithDebInfo|x64
		{85B2642D-E3E4-3B5C-A80D-2FE6C2E2C854}.Debug|x64.Build.0 = RelWithDebInfo|x64
		{85B2642D-E3E4-3B5C-A80D-2FE6C2E2C854}.MinSizeRel|Win32.ActiveCfg = MinSizeRel|x64
		{85B2642D-E3E4-3B5C-A80D-2FE6C2E2C854}.MinSizeRel|x64.ActiveCfg = RelWithDebInfo|x64
		{85B2642D-E3E4-3B5C-A80D-2FE6C2E2C854}.MinSizeRel|x64.Build.0 = RelWithDebInfo|x64
		{85B2642D-E3E4-3B5C-A80D-2FE6C2E2C854}.Release|Win32.ActiveCfg = RelWithDebInfo|x64
		{85B2642D-E3E4-3B5C-A80D-2FE6C2E2C854}.Release|x64.ActiveCfg = RelWithDebInfo|x64
		{85B2642D-E3E4-3B5C-A80D-2FE6C2E2C854}.Release|x64.Build.0 = RelWithDebInfo|x64
		{39FC0674-33FB-38DD-8E1C-364E4943FAB1}.Debug|Win32.ActiveCfg = Debug|Win32
		{39FC0674-33FB-38DD-8E1C-364E4943FAB1}.Debug|Win32.Build.0 = Debug|Win32
		{39FC0674-33FB-38DD-8E1C-364E4943FAB1}.Debug|x64.ActiveCfg = RelWithDebInfo|Win32
		{39FC0674-33FB-38DD-8E1C-364E4943FAB1}.MinSizeRel|Win32.ActiveCfg = MinSizeRel|Win32
		{39FC0674-33FB-38DD-8E1C-364E4943FAB1}.MinSizeRel|Win32.Build.0 = MinSizeRel|Win32
		{39FC0674-33FB-38DD-8E1C-364E4943FAB1}.MinSizeRel|x64.ActiveCfg = RelWithDebInfo|Win32
		{39FC0674-33FB-38DD-8E1C-364E4943FAB1}.Release|Win32.ActiveCfg = RelWithDebInfo|Win32
		{39FC0674-33FB-38DD-8E1C-364E4943FAB1}.Release|Win32.Build.0 = RelWithDebInfo|Win32
		{39FC0674-33FB-38DD-8E1C-364E4943FAB1}.Release|x64.ActiveCfg = RelWithDebInfo|Win32
	EndGlobalSection
	GlobalSection(SolutionProperties) = preSolution
		HideSolutionNode = FALSE
	EndGlobalSection
	GlobalSection(NestedProjects) = preSolution
		{39FC0674-33FB-38DD-8E1C-364E4943FAB1} = {32F7939D-4C51-4414-8216-CF02594A07FF}
	EndGlobalSection
EndGlobal
